PODS:
  - Alamofire (5.4.3)
  - DynamicJSON (2.0.2)
  - Realm (10.12.0):
    - Realm/Headers (= 10.12.0)
  - Realm/Headers (10.12.0)
  - RealmSwift (10.12.0):
    - Realm (= 10.12.0)

DEPENDENCIES:
  - Alamofire
  - DynamicJSON
  - RealmSwift

SPEC REPOS:
  trunk:
    - Alamofire
    - DynamicJSON
    - Realm
    - RealmSwift

SPEC CHECKSUMS:
  Alamofire: e447a2774a40c996748296fa2c55112fdbbc42f9
  DynamicJSON: fc0c5a82980ff8aa956156f04d84fcdb2822e875
  Realm: 32488213acb44660539c619d620cec1bac046166
  RealmSwift: 0abdca6231d5ff8a4f84cef9c1121ef95a483faf

PODFILE CHECKSUM: 3189975a304e051ab5dc15f965a50a9f8ba0633c

COCOAPODS: 1.10.2
